Microsoft Visual Studio Solution File, Format Version 12.00
# Visual Studio Version 17
VisualStudioVersion = 17.5.2.0
MinimumVisualStudioVersion = 10.0.40219.1
Project("{FAE04EC0-301F-11D3-BF4B-00C04F79EFBC}") = "MostenBank", "MostenBank.csproj", "{4F86C8DE-A498-6EA5-C31F-1A7992C013CC}"
EndProject
Global
	GlobalSection(SolutionConfigurationPlatforms) = preSolution
		Debug|Any CPU = Debug|Any CPU
		Release|Any CPU = Release|Any CPU
	EndGlobalSection
	GlobalSection(ProjectConfigurationPlatforms) = postSolution
		{4F86C8DE-A498-6EA5-C31F-1A7992C013CC}.Debug|Any CPU.ActiveCfg = Debug|Any CPU
		{4F86C8DE-A498-6EA5-C31F-1A7992C013CC}.Debug|Any CPU.Build.0 = Debug|Any CPU
		{4F86C8DE-A498-6EA5-C31F-1A7992C013CC}.Release|Any CPU.ActiveCfg = Release|Any CPU
		{4F86C8DE-A498-6EA5-C31F-1A7992C013CC}.Release|Any CPU.Build.0 = Release|Any CPU
	EndGlobalSection
	GlobalSection(SolutionProperties) = preSolution
		HideSolutionNode = FALSE
	EndGlobalSection
	GlobalSection(ExtensibilityGlobals) = postSolution
		SolutionGuid = {09C40EEF-C25F-45C4-ADAC-24ABBD2A8BE7}
	EndGlobalSection
EndGlobal
